
Microsoft Visual Studio Solution File, Format Version 12.00
# Visual Studio 15
VisualStudioVersion = 15.0.28010.2026
MinimumVisualStudioVersion = 10.0.40219.1
Project("{9A19103F-16F7-4668-BE54-9A1E7A4F7556}") = "promo-mvc-core-prototype", "Koebogen\promo-mvc-core-prototype.csproj", "{114921B7-6413-4B65-9965-00191626C685}"
EndProject
Global
	GlobalSection(SolutionConfigurationPlatforms) = preSolution
		Debug|Any CPU = Debug|Any CPU
		Release|Any CPU = Release|Any CPU
	EndGlobalSection
	GlobalSection(ProjectConfigurationPlatforms) = postSolution
		{114921B7-6413-4B65-9965-00191626C685}.Debug|Any CPU.ActiveCfg = Debug|Any CPU
		{114921B7-6413-4B65-9965-00191626C685}.Debug|Any CPU.Build.0 = Debug|Any CPU
		{114921B7-6413-4B65-9965-00191626C685}.Release|Any CPU.ActiveCfg = Release|Any CPU
		{114921B7-6413-4B65-9965-00191626C685}.Release|Any CPU.Build.0 = Release|Any CPU
	EndGlobalSection
	GlobalSection(SolutionProperties) = preSolution
		HideSolutionNode = FALSE
	EndGlobalSection
	GlobalSection(ExtensibilityGlobals) = postSolution
		SolutionGuid = {9733CFFD-D347-4790-B0D4-5240E3C01C29}
	EndGlobalSection
EndGlobal
